
Microsoft Visual Studio Solution File, Format Version 12.00
# Visual Studio Version 17
VisualStudioVersion = 17.7.34024.191
MinimumVisualStudioVersion = 10.0.40219.1
Project("{FAE04EC0-301F-11D3-BF4B-00C04F79EFBC}") = "backend", "backend\backend.csproj", "{01CD0786-54BC-450B-8874-19575670FED6}"
EndProject
Global
	GlobalSection(SolutionConfigurationPlatforms) = preSolution
		Debug|Any CPU = Debug|Any CPU
		Release|Any CPU = Release|Any CPU
	EndGlobalSection
	GlobalSection(ProjectConfigurationPlatforms) = postSolution
		{01CD0786-54BC-450B-8874-19575670FED6}.Debug|Any CPU.ActiveCfg = Debug|Any CPU
		{01CD0786-54BC-450B-8874-19575670FED6}.Debug|Any CPU.Build.0 = Debug|Any CPU
		{01CD0786-54BC-450B-8874-19575670FED6}.Release|Any CPU.ActiveCfg = Release|Any CPU
		{01CD0786-54BC-450B-8874-19575670FED6}.Release|Any CPU.Build.0 = Release|Any CPU
	EndGlobalSection
	GlobalSection(SolutionProperties) = preSolution
		HideSolutionNode = FALSE
	EndGlobalSection
	GlobalSection(ExtensibilityGlobals) = postSolution
		SolutionGuid = {0507F1E7-6BFE-4FF1-81D2-DE5D5DA293CD}
	EndGlobalSection
EndGlobal
