
Microsoft Visual Studio Solution File, Format Version 12.00
# Visual Studio Version 17
VisualStudioVersion = 17.7.34024.191
MinimumVisualStudioVersion = 10.0.40219.1
Project("{FAE04EC0-301F-11D3-BF4B-00C04F79EFBC}") = "back", "back\back.csproj", "{205073F7-81C1-4B19-AA61-7569BE3125F8}"
EndProject
Global
	GlobalSection(SolutionConfigurationPlatforms) = preSolution
		Debug|Any CPU = Debug|Any CPU
		Release|Any CPU = Release|Any CPU
	EndGlobalSection
	GlobalSection(ProjectConfigurationPlatforms) = postSolution
		{205073F7-81C1-4B19-AA61-7569BE3125F8}.Debug|Any CPU.ActiveCfg = Debug|Any CPU
		{205073F7-81C1-4B19-AA61-7569BE3125F8}.Debug|Any CPU.Build.0 = Debug|Any CPU
		{205073F7-81C1-4B19-AA61-7569BE3125F8}.Release|Any CPU.ActiveCfg = Release|Any CPU
		{205073F7-81C1-4B19-AA61-7569BE3125F8}.Release|Any CPU.Build.0 = Release|Any CPU
	EndGlobalSection
	GlobalSection(SolutionProperties) = preSolution
		HideSolutionNode = FALSE
	EndGlobalSection
	GlobalSection(ExtensibilityGlobals) = postSolution
		SolutionGuid = {6124F2E8-3EE1-4799-AB57-94BB9981FC88}
	EndGlobalSection
EndGlobal
